
Microsoft Visual Studio Solution File, Format Version 12.00
# Visual Studio Version 16
VisualStudioVersion = 16.0.34407.143
MinimumVisualStudioVersion = 10.0.40219.1
Project("{FAE04EC0-301F-11D3-BF4B-00C04F79EFBC}") = "PR 1_3", "PR 1_3.csproj", "{44DC24B4-2331-4D60-8CA0-AC74000385FB}"
EndProject
Global
	GlobalSection(SolutionConfigurationPlatforms) = preSolution
		Debug|Any CPU = Debug|Any CPU
		Release|Any CPU = Release|Any CPU
	EndGlobalSection
	GlobalSection(ProjectConfigurationPlatforms) = postSolution
		{44DC24B4-2331-4D60-8CA0-AC74000385FB}.Debug|Any CPU.ActiveCfg = Debug|Any CPU
		{44DC24B4-2331-4D60-8CA0-AC74000385FB}.Debug|Any CPU.Build.0 = Debug|Any CPU
		{44DC24B4-2331-4D60-8CA0-AC74000385FB}.Release|Any CPU.ActiveCfg = Release|Any CPU
		{44DC24B4-2331-4D60-8CA0-AC74000385FB}.Release|Any CPU.Build.0 = Release|Any CPU
	EndGlobalSection
	GlobalSection(SolutionProperties) = preSolution
		HideSolutionNode = FALSE
	EndGlobalSection
	GlobalSection(ExtensibilityGlobals) = postSolution
		SolutionGuid = {296AD695-5AC4-4765-9A29-562A23C84109}
	EndGlobalSection
EndGlobal
